
Microsoft Visual Studio Solution File, Format Version 12.00
# Visual Studio 14
VisualStudioVersion = 14.0.25420.1
MinimumVisualStudioVersion = 10.0.40219.1
Project("{E24C65DC-7377-472B-9ABA-BC803B73C61A}") = "Owc2017.TheScopeCreeps.Web", "Owc2017.TheScopeCreeps.Web\", "{6DFC8A7A-B7E1-4948-AFAF-FE8B974B8648}"
	ProjectSection(WebsiteProperties) = preProject
		TargetFrameworkMoniker = ".NETFramework,Version%3Dv4.6.1"
		Debug.AspNetCompiler.VirtualPath = "/localhost_8782"
		Debug.AspNetCompiler.PhysicalPath = "Owc2017.TheScopeCreeps.Web\"
		Debug.AspNetCompiler.TargetPath = "PrecompiledWeb\localhost_8782\"
		Debug.AspNetCompiler.Updateable = "true"
		Debug.AspNetCompiler.ForceOverwrite = "true"
		Debug.AspNetCompiler.FixedNames = "false"
		Debug.AspNetCompiler.Debug = "True"
		Release.AspNetCompiler.VirtualPath = "/localhost_8782"
		Release.AspNetCompiler.PhysicalPath = "Owc2017.TheScopeCreeps.Web\"
		Release.AspNetCompiler.TargetPath = "PrecompiledWeb\localhost_8782\"
		Release.AspNetCompiler.Updateable = "true"
		Release.AspNetCompiler.ForceOverwrite = "true"
		Release.AspNetCompiler.FixedNames = "false"
		Release.AspNetCompiler.Debug = "False"
		VWDPort = "8782"
		SlnRelativePath = "Owc2017.TheScopeCreeps.Web\"
		DefaultWebSiteLanguage = "Visual C#"
	EndProjectSection
	ProjectSection(ProjectDependencies) = postProject
		{AD628C14-ECCC-4820-BE9C-3A41A123E15A} = {AD628C14-ECCC-4820-BE9C-3A41A123E15A}
	EndProjectSection
EndProject
Project("{FAE04EC0-301F-11D3-BF4B-00C04F79EFBC}") = "Owc2017.TheScopeCreeps.Core", "Owc2017.TheScopeCreeps.Core\Owc2017.TheScopeCreeps.Core.csproj", "{AD628C14-ECCC-4820-BE9C-3A41A123E15A}"
EndProject
Project("{FAE04EC0-301F-11D3-BF4B-00C04F79EFBC}") = "Owc2017.TheScopeCreeps.Web.Transforms", "Owc2017.TheScopeCreeps.Web\Owc2017.TheScopeCreeps.Web.Transforms.csproj", "{1BF19F93-6885-47C2-9FEF-7BB5B46CA43D}"
EndProject
Global
	GlobalSection(SolutionConfigurationPlatforms) = preSolution
		development|Any CPU = development|Any CPU
		live|Any CPU = live|Any CPU
	EndGlobalSection
	GlobalSection(ProjectConfigurationPlatforms) = postSolution
		{6DFC8A7A-B7E1-4948-AFAF-FE8B974B8648}.development|Any CPU.ActiveCfg = Debug|Any CPU
		{6DFC8A7A-B7E1-4948-AFAF-FE8B974B8648}.live|Any CPU.ActiveCfg = Debug|Any CPU
		{AD628C14-ECCC-4820-BE9C-3A41A123E15A}.development|Any CPU.ActiveCfg = development|Any CPU
		{AD628C14-ECCC-4820-BE9C-3A41A123E15A}.development|Any CPU.Build.0 = development|Any CPU
		{AD628C14-ECCC-4820-BE9C-3A41A123E15A}.live|Any CPU.ActiveCfg = live|Any CPU
		{AD628C14-ECCC-4820-BE9C-3A41A123E15A}.live|Any CPU.Build.0 = live|Any CPU
		{1BF19F93-6885-47C2-9FEF-7BB5B46CA43D}.development|Any CPU.ActiveCfg = development.xdt|Any CPU
		{1BF19F93-6885-47C2-9FEF-7BB5B46CA43D}.live|Any CPU.ActiveCfg = live.xdt|Any CPU
	EndGlobalSection
	GlobalSection(SolutionProperties) = preSolution
		HideSolutionNode = FALSE
	EndGlobalSection
EndGlobal
